
Microsoft Visual Studio Solution File, Format Version 12.00
# Visual Studio Version 17
VisualStudioVersion = 17.9.34902.65
MinimumVisualStudioVersion = 10.0.40219.1
Project("{FAE04EC0-301F-11D3-BF4B-00C04F79EFBC}") = "BlazorAppTimeCounter", "BlazorAppTimeCounter\BlazorAppTimeCounter.csproj", "{BEDBB80E-3165-4B4B-860E-A3120B91196C}"
EndProject
Global
	GlobalSection(SolutionConfigurationPlatforms) = preSolution
		Debug|Any CPU = Debug|Any CPU
		Release|Any CPU = Release|Any CPU
	EndGlobalSection
	GlobalSection(ProjectConfigurationPlatforms) = postSolution
		{BEDBB80E-3165-4B4B-860E-A3120B91196C}.Debug|Any CPU.ActiveCfg = Debug|Any CPU
		{BEDBB80E-3165-4B4B-860E-A3120B91196C}.Debug|Any CPU.Build.0 = Debug|Any CPU
		{BEDBB80E-3165-4B4B-860E-A3120B91196C}.Release|Any CPU.ActiveCfg = Release|Any CPU
		{BEDBB80E-3165-4B4B-860E-A3120B91196C}.Release|Any CPU.Build.0 = Release|Any CPU
	EndGlobalSection
	GlobalSection(SolutionProperties) = preSolution
		HideSolutionNode = FALSE
	EndGlobalSection
	GlobalSection(ExtensibilityGlobals) = postSolution
		SolutionGuid = {1FFC0ED7-0C27-415E-BA98-BF2D61A96F28}
	EndGlobalSection
EndGlobal
